
Microsoft Visual Studio Solution File, Format Version 12.00
# Visual Studio 2012
Project("{8BC9CEB8-8B4A-11D0-8D11-00A0C91BC942}") = "video_record", "video_record\video_record.vcxproj", "{7D200D71-65E3-499E-A3E9-D008B7994644}"
EndProject
Global
	GlobalSection(SolutionConfigurationPlatforms) = preSolution
		Debug|Win32 = Debug|Win32
		Debug|x64 = Debug|x64
		Release|Win32 = Release|Win32
		Release|x64 = Release|x64
	EndGlobalSection
	GlobalSection(ProjectConfigurationPlatforms) = postSolution
		{7D200D71-65E3-499E-A3E9-D008B7994644}.Debug|Win32.ActiveCfg = Debug|x64
		{7D200D71-65E3-499E-A3E9-D008B7994644}.Debug|Win32.Build.0 = Debug|x64
		{7D200D71-65E3-499E-A3E9-D008B7994644}.Debug|x64.ActiveCfg = Debug|x64
		{7D200D71-65E3-499E-A3E9-D008B7994644}.Debug|x64.Build.0 = Debug|x64
		{7D200D71-65E3-499E-A3E9-D008B7994644}.Release|Win32.ActiveCfg = Release|Win32
		{7D200D71-65E3-499E-A3E9-D008B7994644}.Release|Win32.Build.0 = Release|Win32
		{7D200D71-65E3-499E-A3E9-D008B7994644}.Release|x64.ActiveCfg = Release|Win32
		{7D200D71-65E3-499E-A3E9-D008B7994644}.Release|x64.Build.0 = Release|Win32
	EndGlobalSection
	GlobalSection(SolutionProperties) = preSolution
		HideSolutionNode = FALSE
	EndGlobalSection
EndGlobal
